// !$*UTF8*$!
{
	archiveVersion = 1;
	classes = {
	};
	objectVersion = 56;
	objects = {

/* Begin PBXBuildFile section */
		350111602DCE622A004170E1 /* DebugAgentView.swift in Sources */ = {isa = PBXBuildFile; fileRef = 3501115F2DCE622A004170E1 /* DebugAgentView.swift */; };
		3508E7B72E05ABBD00794EC8 /* ExtractEventsAction.swift in Sources */ = {isa = PBXBuildFile; fileRef = 3508E7B32E05ABBD00794EC8 /* ExtractEventsAction.swift */; };
		3508E7B82E05ABBD00794EC8 /* LoginAction.swift in Sources */ = {isa = PBXBuildFile; fileRef = 3508E7B42E05ABBD00794EC8 /* LoginAction.swift */; };
		3508E7BA2E05ABBD00794EC8 /* CookieManager.swift in Sources */ = {isa = PBXBuildFile; fileRef = 3508E7B22E05ABBD00794EC8 /* CookieManager.swift */; };
		3508E7BB2E05ABBD00794EC8 /* BrowserUse.swift in Sources */ = {isa = PBXBuildFile; fileRef = 3508E7B12E05ABBD00794EC8 /* BrowserUse.swift */; };
		350D40FC2E17307300C2F86E /* ClusteredMapView.swift in Sources */ = {isa = PBXBuildFile; fileRef = 350D40FB2E17307300C2F86E /* ClusteredMapView.swift */; };
		350D40FE2E1731DC00C2F86E /* ClusterListView.swift in Sources */ = {isa = PBXBuildFile; fileRef = 350D40FD2E1731DC00C2F86E /* ClusterListView.swift */; };
		350D41002E17705600C2F86E /* UserModel.swift in Sources */ = {isa = PBXBuildFile; fileRef = 350D40FF2E17705600C2F86E /* UserModel.swift */; };
		350D41022E177F0700C2F86E /* ProfileView.swift in Sources */ = {isa = PBXBuildFile; fileRef = 350D41012E177F0700C2F86E /* ProfileView.swift */; };
		350D41042E18243A00C2F86E /* ChatWebSocketClient.swift in Sources */ = {isa = PBXBuildFile; fileRef = 350D41032E18243A00C2F86E /* ChatWebSocketClient.swift */; };
		350DDAAD2DB2BC8D0077C77F /* EventChatView.swift in Sources */ = {isa = PBXBuildFile; fileRef = 350DDAAC2DB2BC8D0077C77F /* EventChatView.swift */; };
		351AA2BC2DB2849C00AE2A51 /* EventDetailView.swift in Sources */ = {isa = PBXBuildFile; fileRef = 351AA2BB2DB2849C00AE2A51 /* EventDetailView.swift */; };
		35210EE22DB1FE9B00F69194 /* ContentView.swift in Sources */ = {isa = PBXBuildFile; fileRef = 35210EE12DB1FE9B00F69194 /* ContentView.swift */; };
		35210EE42DB1FF6500F69194 /* LetsLinkLiteApp.swift in Sources */ = {isa = PBXBuildFile; fileRef = 35210EE32DB1FF6500F69194 /* LetsLinkLiteApp.swift */; };
		3527D9F32DB2D4030025868E /* DataLoader.swift in Sources */ = {isa = PBXBuildFile; fileRef = 3527D9F22DB2D4030025868E /* DataLoader.swift */; };
		3557C4762DB1FC2D0098E710 /* ChatView.swift in Sources */ = {isa = PBXBuildFile; fileRef = 3557C4752DB1FC2D0098E710 /* ChatView.swift */; };
		35961BD42DB2E87F00371E72 /* ReportView.swift in Sources */ = {isa = PBXBuildFile; fileRef = 35961BD32DB2E87F00371E72 /* ReportView.swift */; };
		35961BD62DB2E89500371E72 /* MutualConnectionsView.swift in Sources */ = {isa = PBXBuildFile; fileRef = 35961BD52DB2E89500371E72 /* MutualConnectionsView.swift */; };
		35961BD82DB2E8A800371E72 /* NewEventFormView.swift in Sources */ = {isa = PBXBuildFile; fileRef = 35961BD72DB2E8A800371E72 /* NewEventFormView.swift */; };
		35CD66672DB18BC1009F0F8C /* Item.swift in Sources */ = {isa = PBXBuildFile; fileRef = 35CD66662DB18BC1009F0F8C /* Item.swift */; };
		35CD66692DB18BC2009F0F8C /* Assets.xcassets in Resources */ = {isa = PBXBuildFile; fileRef = 35CD66682DB18BC2009F0F8C /* Assets.xcassets */; };
		35CD666C2DB18BC2009F0F8C /* Preview Assets.xcassets in Resources */ = {isa = PBXBuildFile; fileRef = 35CD666B2DB18BC2009F0F8C /* Preview Assets.xcassets */; };
		35CD66762DB18BC2009F0F8C /* LetsLinkLiteTests.swift in Sources */ = {isa = PBXBuildFile; fileRef = 35CD66752DB18BC2009F0F8C /* LetsLinkLiteTests.swift */; };
		35CD66802DB18BC2009F0F8C /* LetsLinkLiteUITests.swift in Sources */ = {isa = PBXBuildFile; fileRef = 35CD667F2DB18BC2009F0F8C /* LetsLinkLiteUITests.swift */; };
		35CD66822DB18BC2009F0F8C /* LetsLinkLiteUITestsLaunchTests.swift in Sources */ = {isa = PBXBuildFile; fileRef = 35CD66812DB18BC2009F0F8C /* LetsLinkLiteUITestsLaunchTests.swift */; };
		35CD66982DB18C22009F0F8C /* LoginView.swift in Sources */ = {isa = PBXBuildFile; fileRef = 35CD66902DB18C22009F0F8C /* LoginView.swift */; };
		35CD66992DB18C22009F0F8C /* MainTabView.swift in Sources */ = {isa = PBXBuildFile; fileRef = 35CD66912DB18C22009F0F8C /* MainTabView.swift */; };
		35CD669B2DB18C22009F0F8C /* EventsListView.swift in Sources */ = {isa = PBXBuildFile; fileRef = 35CD66932DB18C22009F0F8C /* EventsListView.swift */; };
		35CD669E2DB18C22009F0F8C /* MapView.swift in Sources */ = {isa = PBXBuildFile; fileRef = 35CD66962DB18C22009F0F8C /* MapView.swift */; };
		35FD9A172DB2EC5E0083F687 /* EventService.swift in Sources */ = {isa = PBXBuildFile; fileRef = 35FD9A162DB2EC5E0083F687 /* EventService.swift */; };
		3CBD5C889F6FA1985DC17F76 /* RegistrationView.swift in Sources */ = {isa = PBXBuildFile; fileRef = 3CBD5C889F6FA1985DC17F75 /* RegistrationView.swift */; };
/* End PBXBuildFile section */

/* Begin PBXContainerItemProxy section */
		35CD66722DB18BC2009F0F8C /* PBXContainerItemProxy */ = {
			isa = PBXContainerItemProxy;
			containerPortal = 35CD66572DB18BC1009F0F8C /* Project object */;
			proxyType = 1;
			remoteGlobalIDString = 35CD665E2DB18BC1009F0F8C;
			remoteInfo = LetsLinkLite;
		};
		35CD667C2DB18BC2009F0F8C /* PBXContainerItemProxy */ = {
			isa = PBXContainerItemProxy;
			containerPortal = 35CD66572DB18BC1009F0F8C /* Project object */;
			proxyType = 1;
			remoteGlobalIDString = 35CD665E2DB18BC1009F0F8C;
			remoteInfo = LetsLinkLite;
		};
/* End PBXContainerItemProxy section */

/* Begin PBXFileReference section */
		3501115F2DCE622A004170E1 /* DebugAgentView.swift */ = {isa = PBXFileReference; lastKnownFileType = sourcecode.swift; path = DebugAgentView.swift; sourceTree = "<group>"; };
		3508E7B12E05ABBD00794EC8 /* BrowserUse.swift */ = {isa = PBXFileReference; lastKnownFileType = sourcecode.swift; path = BrowserUse.swift; sourceTree = "<group>"; };
		3508E7B22E05ABBD00794EC8 /* CookieManager.swift */ = {isa = PBXFileReference; lastKnownFileType = sourcecode.swift; path = CookieManager.swift; sourceTree = "<group>"; };
		3508E7B32E05ABBD00794EC8 /* ExtractEventsAction.swift */ = {isa = PBXFileReference; lastKnownFileType = sourcecode.swift; path = ExtractEventsAction.swift; sourceTree = "<group>"; };
		3508E7B42E05ABBD00794EC8 /* LoginAction.swift */ = {isa = PBXFileReference; lastKnownFileType = sourcecode.swift; path = LoginAction.swift; sourceTree = "<group>"; };
		350D40FB2E17307300C2F86E /* ClusteredMapView.swift */ = {isa = PBXFileReference; lastKnownFileType = sourcecode.swift; path = ClusteredMapView.swift; sourceTree = "<group>"; };
		350D40FD2E1731DC00C2F86E /* ClusterListView.swift */ = {isa = PBXFileReference; lastKnownFileType = sourcecode.swift; path = ClusterListView.swift; sourceTree = "<group>"; };
		350D40FF2E17705600C2F86E /* UserModel.swift */ = {isa = PBXFileReference; lastKnownFileType = sourcecode.swift; path = UserModel.swift; sourceTree = "<group>"; };
		350D41012E177F0700C2F86E /* ProfileView.swift */ = {isa = PBXFileReference; lastKnownFileType = sourcecode.swift; path = ProfileView.swift; sourceTree = "<group>"; };
		350D41032E18243A00C2F86E /* ChatWebSocketClient.swift */ = {isa = PBXFileReference; lastKnownFileType = sourcecode.swift; path = ChatWebSocketClient.swift; sourceTree = "<group>"; };
		350DDAAC2DB2BC8D0077C77F /* EventChatView.swift */ = {isa = PBXFileReference; fileEncoding = 4; lastKnownFileType = sourcecode.swift; path = EventChatView.swift; sourceTree = "<group>"; };
		351AA2BB2DB2849C00AE2A51 /* EventDetailView.swift */ = {isa = PBXFileReference; fileEncoding = 4; lastKnownFileType = sourcecode.swift; path = EventDetailView.swift; sourceTree = "<group>"; };
		35210EE12DB1FE9B00F69194 /* ContentView.swift */ = {isa = PBXFileReference; fileEncoding = 4; lastKnownFileType = sourcecode.swift; path = ContentView.swift; sourceTree = "<group>"; };
		35210EE32DB1FF6500F69194 /* LetsLinkLiteApp.swift */ = {isa = PBXFileReference; fileEncoding = 4; lastKnownFileType = sourcecode.swift; path = LetsLinkLiteApp.swift; sourceTree = "<group>"; };
		3527D9F22DB2D4030025868E /* DataLoader.swift */ = {isa = PBXFileReference; fileEncoding = 4; lastKnownFileType = sourcecode.swift; path = DataLoader.swift; sourceTree = "<group>"; };
		3557C4752DB1FC2D0098E710 /* ChatView.swift */ = {isa = PBXFileReference; fileEncoding = 4; lastKnownFileType = sourcecode.swift; path = ChatView.swift; sourceTree = "<group>"; };
		35961BD32DB2E87F00371E72 /* ReportView.swift */ = {isa = PBXFileReference; fileEncoding = 4; lastKnownFileType = sourcecode.swift; path = ReportView.swift; sourceTree = "<group>"; };
		35961BD52DB2E89500371E72 /* MutualConnectionsView.swift */ = {isa = PBXFileReference; fileEncoding = 4; lastKnownFileType = sourcecode.swift; path = MutualConnectionsView.swift; sourceTree = "<group>"; };
		35961BD72DB2E8A800371E72 /* NewEventFormView.swift */ = {isa = PBXFileReference; fileEncoding = 4; lastKnownFileType = sourcecode.swift; path = NewEventFormView.swift; sourceTree = "<group>"; };
		35CD665F2DB18BC1009F0F8C /* LetsLinkLite.app */ = {isa = PBXFileReference; explicitFileType = wrapper.application; includeInIndex = 0; path = LetsLinkLite.app; sourceTree = BUILT_PRODUCTS_DIR; };
		35CD66662DB18BC1009F0F8C /* Item.swift */ = {isa = PBXFileReference; lastKnownFileType = sourcecode.swift; path = Item.swift; sourceTree = "<group>"; };
		35CD66682DB18BC2009F0F8C /* Assets.xcassets */ = {isa = PBXFileReference; lastKnownFileType = folder.assetcatalog; path = Assets.xcassets; sourceTree = "<group>"; };
		35CD666B2DB18BC2009F0F8C /* Preview Assets.xcassets */ = {isa = PBXFileReference; lastKnownFileType = folder.assetcatalog; path = "Preview Assets.xcassets"; sourceTree = "<group>"; };
		35CD66712DB18BC2009F0F8C /* LetsLinkLiteTests.xctest */ = {isa = PBXFileReference; explicitFileType = wrapper.cfbundle; includeInIndex = 0; path = LetsLinkLiteTests.xctest; sourceTree = BUILT_PRODUCTS_DIR; };
		35CD66752DB18BC2009F0F8C /* LetsLinkLiteTests.swift */ = {isa = PBXFileReference; lastKnownFileType = sourcecode.swift; path = LetsLinkLiteTests.swift; sourceTree = "<group>"; };
		35CD667B2DB18BC2009F0F8C /* LetsLinkLiteUITests.xctest */ = {isa = PBXFileReference; explicitFileType = wrapper.cfbundle; includeInIndex = 0; path = LetsLinkLiteUITests.xctest; sourceTree = BUILT_PRODUCTS_DIR; };
		35CD667F2DB18BC2009F0F8C /* LetsLinkLiteUITests.swift */ = {isa = PBXFileReference; lastKnownFileType = sourcecode.swift; path = LetsLinkLiteUITests.swift; sourceTree = "<group>"; };
		35CD66812DB18BC2009F0F8C /* LetsLinkLiteUITestsLaunchTests.swift */ = {isa = PBXFileReference; lastKnownFileType = sourcecode.swift; path = LetsLinkLiteUITestsLaunchTests.swift; sourceTree = "<group>"; };
		35CD66902DB18C22009F0F8C /* LoginView.swift */ = {isa = PBXFileReference; fileEncoding = 4; lastKnownFileType = sourcecode.swift; path = LoginView.swift; sourceTree = "<group>"; };
		35CD66912DB18C22009F0F8C /* MainTabView.swift */ = {isa = PBXFileReference; fileEncoding = 4; lastKnownFileType = sourcecode.swift; path = MainTabView.swift; sourceTree = "<group>"; };
		35CD66932DB18C22009F0F8C /* EventsListView.swift */ = {isa = PBXFileReference; fileEncoding = 4; lastKnownFileType = sourcecode.swift; path = EventsListView.swift; sourceTree = "<group>"; };
		35CD66962DB18C22009F0F8C /* MapView.swift */ = {isa = PBXFileReference; fileEncoding = 4; lastKnownFileType = sourcecode.swift; path = MapView.swift; sourceTree = "<group>"; };
		35DBA11C2DFFA84400863EDA /* Info.plist */ = {isa = PBXFileReference; lastKnownFileType = text.plist; path = Info.plist; sourceTree = "<group>"; };
		35FD9A162DB2EC5E0083F687 /* EventService.swift */ = {isa = PBXFileReference; fileEncoding = 4; lastKnownFileType = sourcecode.swift; path = EventService.swift; sourceTree = "<group>"; };
		3CBD5C889F6FA1985DC17F75 /* RegistrationView.swift */ = {isa = PBXFileReference; fileEncoding = 4; lastKnownFileType = sourcecode.swift; path = RegistrationView.swift; sourceTree = "<group>"; };
/* End PBXFileReference section */

/* Begin PBXFrameworksBuildPhase section */
		35CD665C2DB18BC1009F0F8C /* Frameworks */ = {
			isa = PBXFrameworksBuildPhase;
			buildActionMask = 2147483647;
			files = (
			);
			runOnlyForDeploymentPostprocessing = 0;
		};
		35CD666E2DB18BC2009F0F8C /* Frameworks */ = {
			isa = PBXFrameworksBuildPhase;
			buildActionMask = 2147483647;
			files = (
			);
			runOnlyForDeploymentPostprocessing = 0;
		};
		35CD66782DB18BC2009F0F8C /* Frameworks */ = {
			isa = PBXFrameworksBuildPhase;
			buildActionMask = 2147483647;
			files = (
			);
			runOnlyForDeploymentPostprocessing = 0;
		};
/* End PBXFrameworksBuildPhase section */

/* Begin PBXGroup section */
		35CD66562DB18BC1009F0F8C = {
			isa = PBXGroup;
			children = (
				35CD66612DB18BC1009F0F8C /* LetsLinkLite */,
				35CD66742DB18BC2009F0F8C /* LetsLinkLiteTests */,
				35CD667E2DB18BC2009F0F8C /* LetsLinkLiteUITests */,
				35CD66602DB18BC1009F0F8C /* Products */,
			);
			sourceTree = "<group>";
		};
		35CD66602DB18BC1009F0F8C /* Products */ = {
			isa = PBXGroup;
			children = (
				35CD665F2DB18BC1009F0F8C /* LetsLinkLite.app */,
				35CD66712DB18BC2009F0F8C /* LetsLinkLiteTests.xctest */,
				35CD667B2DB18BC2009F0F8C /* LetsLinkLiteUITests.xctest */,
			);
			name = Products;
			sourceTree = "<group>";
		};
		35CD66612DB18BC1009F0F8C /* LetsLinkLite */ = {
			isa = PBXGroup;
			children = (
				350D41032E18243A00C2F86E /* ChatWebSocketClient.swift */,
				350D40FF2E17705600C2F86E /* UserModel.swift */,
				350D40FD2E1731DC00C2F86E /* ClusterListView.swift */,
				350D40FB2E17307300C2F86E /* ClusteredMapView.swift */,
				3508E7B12E05ABBD00794EC8 /* BrowserUse.swift */,
				3508E7B22E05ABBD00794EC8 /* CookieManager.swift */,
				3508E7B32E05ABBD00794EC8 /* ExtractEventsAction.swift */,
				3508E7B42E05ABBD00794EC8 /* LoginAction.swift */,
				35DBA11C2DFFA84400863EDA /* Info.plist */,
				3501115F2DCE622A004170E1 /* DebugAgentView.swift */,
				35FD9A162DB2EC5E0083F687 /* EventService.swift */,
				35961BD72DB2E8A800371E72 /* NewEventFormView.swift */,
				35961BD52DB2E89500371E72 /* MutualConnectionsView.swift */,
				35961BD32DB2E87F00371E72 /* ReportView.swift */,
				3527D9F22DB2D4030025868E /* DataLoader.swift */,
				350DDAAC2DB2BC8D0077C77F /* EventChatView.swift */,
				35CD66932DB18C22009F0F8C /* EventsListView.swift */,
				35210EE32DB1FF6500F69194 /* LetsLinkLiteApp.swift */,
				35210EE12DB1FE9B00F69194 /* ContentView.swift */,
				350D41012E177F0700C2F86E /* ProfileView.swift */,
				351AA2BB2DB2849C00AE2A51 /* EventDetailView.swift */,
				35CD66902DB18C22009F0F8C /* LoginView.swift */,
				3CBD5C889F6FA1985DC17F75 /* RegistrationView.swift */,
				3557C4752DB1FC2D0098E710 /* ChatView.swift */,
				35CD66912DB18C22009F0F8C /* MainTabView.swift */,
				35CD66962DB18C22009F0F8C /* MapView.swift */,
				35CD66662DB18BC1009F0F8C /* Item.swift */,
				35CD66682DB18BC2009F0F8C /* Assets.xcassets */,
				35CD666A2DB18BC2009F0F8C /* Preview Content */,
			);
			path = LetsLinkLite;
			sourceTree = "<group>";
		};
		35CD666A2DB18BC2009F0F8C /* Preview Content */ = {
			isa = PBXGroup;
			children = (
				35CD666B2DB18BC2009F0F8C /* Preview Assets.xcassets */,
			);
			path = "Preview Content";
			sourceTree = "<group>";
		};
		35CD66742DB18BC2009F0F8C /* LetsLinkLiteTests */ = {
			isa = PBXGroup;
			children = (
				35CD66752DB18BC2009F0F8C /* LetsLinkLiteTests.swift */,
			);
			path = LetsLinkLiteTests;
			sourceTree = "<group>";
		};
		35CD667E2DB18BC2009F0F8C /* LetsLinkLiteUITests */ = {
			isa = PBXGroup;
			children = (
				35CD667F2DB18BC2009F0F8C /* LetsLinkLiteUITests.swift */,
				35CD66812DB18BC2009F0F8C /* LetsLinkLiteUITestsLaunchTests.swift */,
			);
			path = LetsLinkLiteUITests;
			sourceTree = "<group>";
		};
/* End PBXGroup section */

/* Begin PBXNativeTarget section */
		35CD665E2DB18BC1009F0F8C /* LetsLinkLite */ = {
			isa = PBXNativeTarget;
			buildConfigurationList = 35CD66852DB18BC2009F0F8C /* Build configuration list for PBXNativeTarget "LetsLinkLite" */;
			buildPhases = (
				35CD665B2DB18BC1009F0F8C /* Sources */,
				35CD665C2DB18BC1009F0F8C /* Frameworks */,
				35CD665D2DB18BC1009F0F8C /* Resources */,
			);
			buildRules = (
			);
			dependencies = (
			);
			name = LetsLinkLite;
			productName = LetsLinkLite;
			productReference = 35CD665F2DB18BC1009F0F8C /* LetsLinkLite.app */;
			productType = "com.apple.product-type.application";
		};
		35CD66702DB18BC2009F0F8C /* LetsLinkLiteTests */ = {
			isa = PBXNativeTarget;
			buildConfigurationList = 35CD66882DB18BC2009F0F8C /* Build configuration list for PBXNativeTarget "LetsLinkLiteTests" */;
			buildPhases = (
				35CD666D2DB18BC2009F0F8C /* Sources */,
				35CD666E2DB18BC2009F0F8C /* Frameworks */,
				35CD666F2DB18BC2009F0F8C /* Resources */,
			);
			buildRules = (
			);
			dependencies = (
				35CD66732DB18BC2009F0F8C /* PBXTargetDependency */,
			);
			name = LetsLinkLiteTests;
			productName = LetsLinkLiteTests;
			productReference = 35CD66712DB18BC2009F0F8C /* LetsLinkLiteTests.xctest */;
			productType = "com.apple.product-type.bundle.unit-test";
		};
		35CD667A2DB18BC2009F0F8C /* LetsLinkLiteUITests */ = {
			isa = PBXNativeTarget;
			buildConfigurationList = 35CD668B2DB18BC2009F0F8C /* Build configuration list for PBXNativeTarget "LetsLinkLiteUITests" */;
			buildPhases = (
				35CD66772DB18BC2009F0F8C /* Sources */,
				35CD66782DB18BC2009F0F8C /* Frameworks */,
				35CD66792DB18BC2009F0F8C /* Resources */,
			);
			buildRules = (
			);
			dependencies = (
				35CD667D2DB18BC2009F0F8C /* PBXTargetDependency */,
			);
			name = LetsLinkLiteUITests;
			productName = LetsLinkLiteUITests;
			productReference = 35CD667B2DB18BC2009F0F8C /* LetsLinkLiteUITests.xctest */;
			productType = "com.apple.product-type.bundle.ui-testing";
		};
/* End PBXNativeTarget section */

/* Begin PBXProject section */
		35CD66572DB18BC1009F0F8C /* Project object */ = {
			isa = PBXProject;
			attributes = {
				BuildIndependentTargetsInParallel = 1;
				LastSwiftUpdateCheck = 1500;
				LastUpgradeCheck = 1500;
				TargetAttributes = {
					35CD665E2DB18BC1009F0F8C = {
						CreatedOnToolsVersion = 15.0.1;
					};
					35CD66702DB18BC2009F0F8C = {
						CreatedOnToolsVersion = 15.0.1;
						TestTargetID = 35CD665E2DB18BC1009F0F8C;
					};
					35CD667A2DB18BC2009F0F8C = {
						CreatedOnToolsVersion = 15.0.1;
						TestTargetID = 35CD665E2DB18BC1009F0F8C;
					};
				};
			};
			buildConfigurationList = 35CD665A2DB18BC1009F0F8C /* Build configuration list for PBXProject "LetsLinkLite" */;
			compatibilityVersion = "Xcode 14.0";
			developmentRegion = en;
			hasScannedForEncodings = 0;
			knownRegions = (
				en,
				Base,
			);
			mainGroup = 35CD66562DB18BC1009F0F8C;
			productRefGroup = 35CD66602DB18BC1009F0F8C /* Products */;
			projectDirPath = "";
			projectRoot = "";
			targets = (
				35CD665E2DB18BC1009F0F8C /* LetsLinkLite */,
				35CD66702DB18BC2009F0F8C /* LetsLinkLiteTests */,
				35CD667A2DB18BC2009F0F8C /* LetsLinkLiteUITests */,
			);
		};
/* End PBXProject section */

/* Begin PBXResourcesBuildPhase section */
		35CD665D2DB18BC1009F0F8C /* Resources */ = {
			isa = PBXResourcesBuildPhase;
			buildActionMask = 2147483647;
			files = (
				35CD666C2DB18BC2009F0F8C /* Preview Assets.xcassets in Resources */,
				35CD66692DB18BC2009F0F8C /* Assets.xcassets in Resources */,
			);
			runOnlyForDeploymentPostprocessing = 0;
		};
		35CD666F2DB18BC2009F0F8C /* Resources */ = {
			isa = PBXResourcesBuildPhase;
			buildActionMask = 2147483647;
			files = (
			);
			runOnlyForDeploymentPostprocessing = 0;
		};
		35CD66792DB18BC2009F0F8C /* Resources */ = {
			isa = PBXResourcesBuildPhase;
			buildActionMask = 2147483647;
			files = (
			);
			runOnlyForDeploymentPostprocessing = 0;
		};
/* End PBXResourcesBuildPhase section */

/* Begin PBXSourcesBuildPhase section */
		35CD665B2DB18BC1009F0F8C /* Sources */ = {
			isa = PBXSourcesBuildPhase;
			buildActionMask = 2147483647;
			files = (
				35FD9A172DB2EC5E0083F687 /* EventService.swift in Sources */,
				35CD669E2DB18C22009F0F8C /* MapView.swift in Sources */,
				3508E7B72E05ABBD00794EC8 /* ExtractEventsAction.swift in Sources */,
				3508E7B82E05ABBD00794EC8 /* LoginAction.swift in Sources */,
				3508E7BA2E05ABBD00794EC8 /* CookieManager.swift in Sources */,
				3508E7BB2E05ABBD00794EC8 /* BrowserUse.swift in Sources */,
				35961BD82DB2E8A800371E72 /* NewEventFormView.swift in Sources */,
				35CD66672DB18BC1009F0F8C /* Item.swift in Sources */,
				350D41002E17705600C2F86E /* UserModel.swift in Sources */,
				350D40FC2E17307300C2F86E /* ClusteredMapView.swift in Sources */,
				350D40FE2E1731DC00C2F86E /* ClusterListView.swift in Sources */,
				35961BD62DB2E89500371E72 /* MutualConnectionsView.swift in Sources */,
				35CD669B2DB18C22009F0F8C /* EventsListView.swift in Sources */,
				3557C4762DB1FC2D0098E710 /* ChatView.swift in Sources */,
				35CD66982DB18C22009F0F8C /* LoginView.swift in Sources */,
				3CBD5C889F6FA1985DC17F76 /* RegistrationView.swift in Sources */,
				35210EE42DB1FF6500F69194 /* LetsLinkLiteApp.swift in Sources */,
				350111602DCE622A004170E1 /* DebugAgentView.swift in Sources */,
				350DDAAD2DB2BC8D0077C77F /* EventChatView.swift in Sources */,
				35961BD42DB2E87F00371E72 /* ReportView.swift in Sources */,
				350D41022E177F0700C2F86E /* ProfileView.swift in Sources */,
				35210EE22DB1FE9B00F69194 /* ContentView.swift in Sources */,
				350D41042E18243A00C2F86E /* ChatWebSocketClient.swift in Sources */,
				3527D9F32DB2D4030025868E /* DataLoader.swift in Sources */,
				35CD66992DB18C22009F0F8C /* MainTabView.swift in Sources */,
				351AA2BC2DB2849C00AE2A51 /* EventDetailView.swift in Sources */,
			);
			runOnlyForDeploymentPostprocessing = 0;
		};
		35CD666D2DB18BC2009F0F8C /* Sources */ = {
			isa = PBXSourcesBuildPhase;
			buildActionMask = 2147483647;
			files = (
				35CD66762DB18BC2009F0F8C /* LetsLinkLiteTests.swift in Sources */,
			);
			runOnlyForDeploymentPostprocessing = 0;
		};
		35CD66772DB18BC2009F0F8C /* Sources */ = {
			isa = PBXSourcesBuildPhase;
			buildActionMask = 2147483647;
			files = (
				35CD66822DB18BC2009F0F8C /* LetsLinkLiteUITestsLaunchTests.swift in Sources */,
				35CD66802DB18BC2009F0F8C /* LetsLinkLiteUITests.swift in Sources */,
			);
			runOnlyForDeploymentPostprocessing = 0;
		};
/* End PBXSourcesBuildPhase section */

/* Begin PBXTargetDependency section */
		35CD66732DB18BC2009F0F8C /* PBXTargetDependency */ = {
			isa = PBXTargetDependency;
			target = 35CD665E2DB18BC1009F0F8C /* LetsLinkLite */;
			targetProxy = 35CD66722DB18BC2009F0F8C /* PBXContainerItemProxy */;
		};
		35CD667D2DB18BC2009F0F8C /* PBXTargetDependency */ = {
			isa = PBXTargetDependency;
			target = 35CD665E2DB18BC1009F0F8C /* LetsLinkLite */;
			targetProxy = 35CD667C2DB18BC2009F0F8C /* PBXContainerItemProxy */;
		};
/* End PBXTargetDependency section */

/* Begin XCBuildConfiguration section */
		35CD66832DB18BC2009F0F8C /* Debug */ = {
			isa = XCBuildConfiguration;
			buildSettings = {
				ALWAYS_SEARCH_USER_PATHS = NO;
				ASSETCATALOG_COMPILER_GENERATE_SWIFT_ASSET_SYMBOL_EXTENSIONS = YES;
				CLANG_ANALYZER_NONNULL = YES;
				CLANG_ANALYZER_NUMBER_OBJECT_CONVERSION = YES_AGGRESSIVE;
				CLANG_CXX_LANGUAGE_STANDARD = "gnu++20";
				CLANG_ENABLE_MODULES = YES;
				CLANG_ENABLE_OBJC_ARC = YES;
				CLANG_ENABLE_OBJC_WEAK = YES;
				CLANG_WARN_BLOCK_CAPTURE_AUTORELEASING = YES;
				CLANG_WARN_BOOL_CONVERSION = YES;
				CLANG_WARN_COMMA = YES;
				CLANG_WARN_CONSTANT_CONVERSION = YES;
				CLANG_WARN_DEPRECATED_OBJC_IMPLEMENTATIONS = YES;
				CLANG_WARN_DIRECT_OBJC_ISA_USAGE = YES_ERROR;
				CLANG_WARN_DOCUMENTATION_COMMENTS = YES;
				CLANG_WARN_EMPTY_BODY = YES;
				CLANG_WARN_ENUM_CONVERSION = YES;
				CLANG_WARN_INFINITE_RECURSION = YES;
				CLANG_WARN_INT_CONVERSION = YES;
				CLANG_WARN_NON_LITERAL_NULL_CONVERSION = YES;
				CLANG_WARN_OBJC_IMPLICIT_RETAIN_SELF = YES;
				CLANG_WARN_OBJC_LITERAL_CONVERSION = YES;
				CLANG_WARN_OBJC_ROOT_CLASS = YES_ERROR;
				CLANG_WARN_QUOTED_INCLUDE_IN_FRAMEWORK_HEADER = YES;
				CLANG_WARN_RANGE_LOOP_ANALYSIS = YES;
				CLANG_WARN_STRICT_PROTOTYPES = YES;
				CLANG_WARN_SUSPICIOUS_MOVE = YES;
				CLANG_WARN_UNGUARDED_AVAILABILITY = YES_AGGRESSIVE;
				CLANG_WARN_UNREACHABLE_CODE = YES;
				CLANG_WARN__DUPLICATE_METHOD_MATCH = YES;
				COPY_PHASE_STRIP = NO;
				DEBUG_INFORMATION_FORMAT = dwarf;
				ENABLE_STRICT_OBJC_MSGSEND = YES;
				ENABLE_TESTABILITY = YES;
				ENABLE_USER_SCRIPT_SANDBOXING = YES;
				GCC_C_LANGUAGE_STANDARD = gnu17;
				GCC_DYNAMIC_NO_PIC = NO;
				GCC_NO_COMMON_BLOCKS = YES;
				GCC_OPTIMIZATION_LEVEL = 0;
				GCC_PREPROCESSOR_DEFINITIONS = (
					"DEBUG=1",
					"$(inherited)",
				);
				GCC_WARN_64_TO_32_BIT_CONVERSION = YES;
				GCC_WARN_ABOUT_RETURN_TYPE = YES_ERROR;
				GCC_WARN_UNDECLARED_SELECTOR = YES;
				GCC_WARN_UNINITIALIZED_AUTOS = YES_AGGRESSIVE;
				GCC_WARN_UNUSED_FUNCTION = YES;
				GCC_WARN_UNUSED_VARIABLE = YES;
				IPHONEOS_DEPLOYMENT_TARGET = 17.0;
				LOCALIZATION_PREFERS_STRING_CATALOGS = YES;
				MTL_ENABLE_DEBUG_INFO = INCLUDE_SOURCE;
				MTL_FAST_MATH = YES;
				ONLY_ACTIVE_ARCH = YES;
				SDKROOT = iphoneos;
				SWIFT_ACTIVE_COMPILATION_CONDITIONS = "DEBUG $(inherited)";
				SWIFT_OPTIMIZATION_LEVEL = "-Onone";
			};
			name = Debug;
		};
		35CD66842DB18BC2009F0F8C /* Release */ = {
			isa = XCBuildConfiguration;
			buildSettings = {
				ALWAYS_SEARCH_USER_PATHS = NO;
				ASSETCATALOG_COMPILER_GENERATE_SWIFT_ASSET_SYMBOL_EXTENSIONS = YES;
				CLANG_ANALYZER_NONNULL = YES;
				CLANG_ANALYZER_NUMBER_OBJECT_CONVERSION = YES_AGGRESSIVE;
				CLANG_CXX_LANGUAGE_STANDARD = "gnu++20";
				CLANG_ENABLE_MODULES = YES;
				CLANG_ENABLE_OBJC_ARC = YES;
				CLANG_ENABLE_OBJC_WEAK = YES;
				CLANG_WARN_BLOCK_CAPTURE_AUTORELEASING = YES;
				CLANG_WARN_BOOL_CONVERSION = YES;
				CLANG_WARN_COMMA = YES;
				CLANG_WARN_CONSTANT_CONVERSION = YES;
				CLANG_WARN_DEPRECATED_OBJC_IMPLEMENTATIONS = YES;
				CLANG_WARN_DIRECT_OBJC_ISA_USAGE = YES_ERROR;
				CLANG_WARN_DOCUMENTATION_COMMENTS = YES;
				CLANG_WARN_EMPTY_BODY = YES;
				CLANG_WARN_ENUM_CONVERSION = YES;
				CLANG_WARN_INFINITE_RECURSION = YES;
				CLANG_WARN_INT_CONVERSION = YES;
				CLANG_WARN_NON_LITERAL_NULL_CONVERSION = YES;
				CLANG_WARN_OBJC_IMPLICIT_RETAIN_SELF = YES;
				CLANG_WARN_OBJC_LITERAL_CONVERSION = YES;
				CLANG_WARN_OBJC_ROOT_CLASS = YES_ERROR;
				CLANG_WARN_QUOTED_INCLUDE_IN_FRAMEWORK_HEADER = YES;
				CLANG_WARN_RANGE_LOOP_ANALYSIS = YES;
				CLANG_WARN_STRICT_PROTOTYPES = YES;
				CLANG_WARN_SUSPICIOUS_MOVE = YES;
				CLANG_WARN_UNGUARDED_AVAILABILITY = YES_AGGRESSIVE;
				CLANG_WARN_UNREACHABLE_CODE = YES;
				CLANG_WARN__DUPLICATE_METHOD_MATCH = YES;
				COPY_PHASE_STRIP = NO;
				DEBUG_INFORMATION_FORMAT = "dwarf-with-dsym";
				ENABLE_NS_ASSERTIONS = NO;
				ENABLE_STRICT_OBJC_MSGSEND = YES;
				ENABLE_USER_SCRIPT_SANDBOXING = YES;
				GCC_C_LANGUAGE_STANDARD = gnu17;
				GCC_NO_COMMON_BLOCKS = YES;
				GCC_WARN_64_TO_32_BIT_CONVERSION = YES;
				GCC_WARN_ABOUT_RETURN_TYPE = YES_ERROR;
				GCC_WARN_UNDECLARED_SELECTOR = YES;
				GCC_WARN_UNINITIALIZED_AUTOS = YES_AGGRESSIVE;
				GCC_WARN_UNUSED_FUNCTION = YES;
				GCC_WARN_UNUSED_VARIABLE = YES;
				IPHONEOS_DEPLOYMENT_TARGET = 17.0;
				LOCALIZATION_PREFERS_STRING_CATALOGS = YES;
				MTL_ENABLE_DEBUG_INFO = NO;
				MTL_FAST_MATH = YES;
				SDKROOT = iphoneos;
				SWIFT_COMPILATION_MODE = wholemodule;
				VALIDATE_PRODUCT = YES;
			};
			name = Release;
		};
		35CD66862DB18BC2009F0F8C /* Debug */ = {
			isa = XCBuildConfiguration;
			buildSettings = {
				ASSETCATALOG_COMPILER_APPICON_NAME = AppIcon;
				ASSETCATALOG_COMPILER_GLOBAL_ACCENT_COLOR_NAME = AccentColor;
				CODE_SIGN_STYLE = Automatic;
				CURRENT_PROJECT_VERSION = 1;
				DEVELOPMENT_ASSET_PATHS = "\"LetsLinkLite/Preview Content\"";
				DEVELOPMENT_TEAM = 35Y9CQHG44;
				ENABLE_PREVIEWS = YES;
				GENERATE_INFOPLIST_FILE = YES;
				INFOPLIST_FILE = LetsLinkLite/Info.plist;
				INFOPLIST_KEY_NSLocationWhenInUseUsageDescription = "We need your location to show nearby events.";
				INFOPLIST_KEY_UIApplicationSceneManifest_Generation = YES;
				INFOPLIST_KEY_UIApplicationSupportsIndirectInputEvents = YES;
				INFOPLIST_KEY_UILaunchScreen_Generation = YES;
				INFOPLIST_KEY_UISupportedInterfaceOrientations_iPad = "UIInterfaceOrientationPortrait UIInterfaceOrientationPortraitUpsideDown UIInterfaceOrientationLandscapeLeft UIInterfaceOrientationLandscapeRight";
				INFOPLIST_KEY_UISupportedInterfaceOrientations_iPhone = "UIInterfaceOrientationPortrait UIInterfaceOrientationLandscapeLeft UIInterfaceOrientationLandscapeRight";
				LD_RUNPATH_SEARCH_PATHS = (
					"$(inherited)",
					"@executable_path/Frameworks",
				);
				MARKETING_VERSION = 1.0;
				PRODUCT_BUNDLE_IDENTIFIER = LetsLink.LetsLinkLite;
				PRODUCT_NAME = "$(TARGET_NAME)";
				SWIFT_EMIT_LOC_STRINGS = YES;
				SWIFT_VERSION = 5.0;
				TARGETED_DEVICE_FAMILY = "1,2";
			};
			name = Debug;
		};
		35CD66872DB18BC2009F0F8C /* Release */ = {
			isa = XCBuildConfiguration;
			buildSettings = {
				ASSETCATALOG_COMPILER_APPICON_NAME = AppIcon;
				ASSETCATALOG_COMPILER_GLOBAL_ACCENT_COLOR_NAME = AccentColor;
				CODE_SIGN_STYLE = Automatic;
				CURRENT_PROJECT_VERSION = 1;
				DEVELOPMENT_ASSET_PATHS = "\"LetsLinkLite/Preview Content\"";
				DEVELOPMENT_TEAM = 35Y9CQHG44;
				ENABLE_PREVIEWS = YES;
				GENERATE_INFOPLIST_FILE = YES;
				INFOPLIST_FILE = LetsLinkLite/Info.plist;
				INFOPLIST_KEY_NSLocationWhenInUseUsageDescription = "We need your location to show nearby events.";
				INFOPLIST_KEY_UIApplicationSceneManifest_Generation = YES;
				INFOPLIST_KEY_UIApplicationSupportsIndirectInputEvents = YES;
				INFOPLIST_KEY_UILaunchScreen_Generation = YES;
				INFOPLIST_KEY_UISupportedInterfaceOrientations_iPad = "UIInterfaceOrientationPortrait UIInterfaceOrientationPortraitUpsideDown UIInterfaceOrientationLandscapeLeft UIInterfaceOrientationLandscapeRight";
				INFOPLIST_KEY_UISupportedInterfaceOrientations_iPhone = "UIInterfaceOrientationPortrait UIInterfaceOrientationLandscapeLeft UIInterfaceOrientationLandscapeRight";
				LD_RUNPATH_SEARCH_PATHS = (
					"$(inherited)",
					"@executable_path/Frameworks",
				);
				MARKETING_VERSION = 1.0;
				PRODUCT_BUNDLE_IDENTIFIER = LetsLink.LetsLinkLite;
				PRODUCT_NAME = "$(TARGET_NAME)";
				SWIFT_EMIT_LOC_STRINGS = YES;
				SWIFT_VERSION = 5.0;
				TARGETED_DEVICE_FAMILY = "1,2";
			};
			name = Release;
		};
		35CD66892DB18BC2009F0F8C /* Debug */ = {
			isa = XCBuildConfiguration;
			buildSettings = {
				ALWAYS_EMBED_SWIFT_STANDARD_LIBRARIES = YES;
				BUNDLE_LOADER = "$(TEST_HOST)";
				CODE_SIGN_STYLE = Automatic;
				CURRENT_PROJECT_VERSION = 1;
				GENERATE_INFOPLIST_FILE = YES;
				IPHONEOS_DEPLOYMENT_TARGET = 17.0;
				MARKETING_VERSION = 1.0;
				PRODUCT_BUNDLE_IDENTIFIER = LetsLink.LetsLinkLiteTests;
				PRODUCT_NAME = "$(TARGET_NAME)";
				SWIFT_EMIT_LOC_STRINGS = NO;
				SWIFT_VERSION = 5.0;
				TARGETED_DEVICE_FAMILY = "1,2";
				TEST_HOST = "$(BUILT_PRODUCTS_DIR)/LetsLinkLite.app/$(BUNDLE_EXECUTABLE_FOLDER_PATH)/LetsLinkLite";
			};
			name = Debug;
		};
		35CD668A2DB18BC2009F0F8C /* Release */ = {
			isa = XCBuildConfiguration;
			buildSettings = {
				ALWAYS_EMBED_SWIFT_STANDARD_LIBRARIES = YES;
				BUNDLE_LOADER = "$(TEST_HOST)";
				CODE_SIGN_STYLE = Automatic;
				CURRENT_PROJECT_VERSION = 1;
				GENERATE_INFOPLIST_FILE = YES;
				IPHONEOS_DEPLOYMENT_TARGET = 17.0;
				MARKETING_VERSION = 1.0;
				PRODUCT_BUNDLE_IDENTIFIER = LetsLink.LetsLinkLiteTests;
				PRODUCT_NAME = "$(TARGET_NAME)";
				SWIFT_EMIT_LOC_STRINGS = NO;
				SWIFT_VERSION = 5.0;
				TARGETED_DEVICE_FAMILY = "1,2";
				TEST_HOST = "$(BUILT_PRODUCTS_DIR)/LetsLinkLite.app/$(BUNDLE_EXECUTABLE_FOLDER_PATH)/LetsLinkLite";
			};
			name = Release;
		};
		35CD668C2DB18BC2009F0F8C /* Debug */ = {
			isa = XCBuildConfiguration;
			buildSettings = {
				ALWAYS_EMBED_SWIFT_STANDARD_LIBRARIES = YES;
				CODE_SIGN_STYLE = Automatic;
				CURRENT_PROJECT_VERSION = 1;
				GENERATE_INFOPLIST_FILE = YES;
				MARKETING_VERSION = 1.0;
				PRODUCT_BUNDLE_IDENTIFIER = LetsLink.LetsLinkLiteUITests;
				PRODUCT_NAME = "$(TARGET_NAME)";
				SWIFT_EMIT_LOC_STRINGS = NO;
				SWIFT_VERSION = 5.0;
				TARGETED_DEVICE_FAMILY = "1,2";
				TEST_TARGET_NAME = LetsLinkLite;
			};
			name = Debug;
		};
		35CD668D2DB18BC2009F0F8C /* Release */ = {
			isa = XCBuildConfiguration;
			buildSettings = {
				ALWAYS_EMBED_SWIFT_STANDARD_LIBRARIES = YES;
				CODE_SIGN_STYLE = Automatic;
				CURRENT_PROJECT_VERSION = 1;
				GENERATE_INFOPLIST_FILE = YES;
				MARKETING_VERSION = 1.0;
				PRODUCT_BUNDLE_IDENTIFIER = LetsLink.LetsLinkLiteUITests;
				PRODUCT_NAME = "$(TARGET_NAME)";
				SWIFT_EMIT_LOC_STRINGS = NO;
				SWIFT_VERSION = 5.0;
				TARGETED_DEVICE_FAMILY = "1,2";
				TEST_TARGET_NAME = LetsLinkLite;
			};
			name = Release;
		};
/* End XCBuildConfiguration section */

/* Begin XCConfigurationList section */
		35CD665A2DB18BC1009F0F8C /* Build configuration list for PBXProject "LetsLinkLite" */ = {
			isa = XCConfigurationList;
			buildConfigurations = (
				35CD66832DB18BC2009F0F8C /* Debug */,
				35CD66842DB18BC2009F0F8C /* Release */,
			);
			defaultConfigurationIsVisible = 0;
			defaultConfigurationName = Release;
		};
		35CD66852DB18BC2009F0F8C /* Build configuration list for PBXNativeTarget "LetsLinkLite" */ = {
			isa = XCConfigurationList;
			buildConfigurations = (
				35CD66862DB18BC2009F0F8C /* Debug */,
				35CD66872DB18BC2009F0F8C /* Release */,
			);
			defaultConfigurationIsVisible = 0;
			defaultConfigurationName = Release;
		};
		35CD66882DB18BC2009F0F8C /* Build configuration list for PBXNativeTarget "LetsLinkLiteTests" */ = {
			isa = XCConfigurationList;
			buildConfigurations = (
				35CD66892DB18BC2009F0F8C /* Debug */,
				35CD668A2DB18BC2009F0F8C /* Release */,
			);
			defaultConfigurationIsVisible = 0;
			defaultConfigurationName = Release;
		};
		35CD668B2DB18BC2009F0F8C /* Build configuration list for PBXNativeTarget "LetsLinkLiteUITests" */ = {
			isa = XCConfigurationList;
			buildConfigurations = (
				35CD668C2DB18BC2009F0F8C /* Debug */,
				35CD668D2DB18BC2009F0F8C /* Release */,
			);
			defaultConfigurationIsVisible = 0;
			defaultConfigurationName = Release;
		};
/* End XCConfigurationList section */
	};
	rootObject = 35CD66572DB18BC1009F0F8C /* Project object */;
}
